
Microsoft Visual Studio Solution File, Format Version 12.00
# Visual Studio 2013
VisualStudioVersion = 12.0.31101.0
MinimumVisualStudioVersion = 10.0.40219.1
Project("{888888A0-9F3D-457C-B088-3A5042F75D52}") = "mod1_rocketflight", "mod1_rocketflight\mod1_rocketflight.pyproj", "{75D5C118-F64F-49B5-8BF4-66F73B5D81CF}"
EndProject
Global
	GlobalSection(SolutionConfigurationPlatforms) = preSolution
		Debug|Any CPU = Debug|Any CPU
		Release|Any CPU = Release|Any CPU
	EndGlobalSection
	GlobalSection(ProjectConfigurationPlatforms) = postSolution
		{75D5C118-F64F-49B5-8BF4-66F73B5D81CF}.Debug|Any CPU.ActiveCfg = Debug|Any CPU
		{75D5C118-F64F-49B5-8BF4-66F73B5D81CF}.Release|Any CPU.ActiveCfg = Release|Any CPU
	EndGlobalSection
	GlobalSection(SolutionProperties) = preSolution
		HideSolutionNode = FALSE
	EndGlobalSection
EndGlobal
